
Microsoft Visual Studio Solution File, Format Version 12.00
# Visual Studio Version 17
VisualStudioVersion = 17.7.33711.374
MinimumVisualStudioVersion = 10.0.40219.1
Project("{FAE04EC0-301F-11D3-BF4B-00C04F79EFBC}") = "InterpretArgs", "InterpretArgs\InterpretArgs.csproj", "{EBD595E1-094E-474F-B888-610E092AB0F3}"
EndProject
Project("{FAE04EC0-301F-11D3-BF4B-00C04F79EFBC}") = "InterpretArgsTests", "InterpretArgsTests\InterpretArgsTests.csproj", "{353D630C-6ABC-4108-895F-278F374E6F73}"
EndProject
Global
	GlobalSection(SolutionConfigurationPlatforms) = preSolution
		Debug|Any CPU = Debug|Any CPU
		Release|Any CPU = Release|Any CPU
	EndGlobalSection
	GlobalSection(ProjectConfigurationPlatforms) = postSolution
		{EBD595E1-094E-474F-B888-610E092AB0F3}.Debug|Any CPU.ActiveCfg = Debug|Any CPU
		{EBD595E1-094E-474F-B888-610E092AB0F3}.Debug|Any CPU.Build.0 = Debug|Any CPU
		{EBD595E1-094E-474F-B888-610E092AB0F3}.Release|Any CPU.ActiveCfg = Release|Any CPU
		{EBD595E1-094E-474F-B888-610E092AB0F3}.Release|Any CPU.Build.0 = Release|Any CPU
		{353D630C-6ABC-4108-895F-278F374E6F73}.Debug|Any CPU.ActiveCfg = Debug|Any CPU
		{353D630C-6ABC-4108-895F-278F374E6F73}.Debug|Any CPU.Build.0 = Debug|Any CPU
		{353D630C-6ABC-4108-895F-278F374E6F73}.Release|Any CPU.ActiveCfg = Release|Any CPU
		{353D630C-6ABC-4108-895F-278F374E6F73}.Release|Any CPU.Build.0 = Release|Any CPU
	EndGlobalSection
	GlobalSection(SolutionProperties) = preSolution
		HideSolutionNode = FALSE
	EndGlobalSection
	GlobalSection(ExtensibilityGlobals) = postSolution
		SolutionGuid = {2478B13D-3C82-4164-846B-60EACB37A978}
	EndGlobalSection
EndGlobal
