
Microsoft Visual Studio Solution File, Format Version 12.00
# Visual Studio Version 17
VisualStudioVersion = 17.0.32112.339
MinimumVisualStudioVersion = 10.0.40219.1
Project("{FAE04EC0-301F-11D3-BF4B-00C04F79EFBC}") = "InterpretArgs", "InterpretArgs\InterpretArgs.csproj", "{5DCF34A2-1947-4E9B-91F9-078A39DA8552}"
EndProject
Project("{FAE04EC0-301F-11D3-BF4B-00C04F79EFBC}") = "InterpretArgsTests", "UnitTestProject1\InterpretArgsTests.csproj", "{CD014C14-08CA-4BBD-8FE8-019E1A703613}"
EndProject
Global
	GlobalSection(SolutionConfigurationPlatforms) = preSolution
		Debug|Any CPU = Debug|Any CPU
		Release|Any CPU = Release|Any CPU
	EndGlobalSection
	GlobalSection(ProjectConfigurationPlatforms) = postSolution
		{5DCF34A2-1947-4E9B-91F9-078A39DA8552}.Debug|Any CPU.ActiveCfg = Debug|Any CPU
		{5DCF34A2-1947-4E9B-91F9-078A39DA8552}.Debug|Any CPU.Build.0 = Debug|Any CPU
		{5DCF34A2-1947-4E9B-91F9-078A39DA8552}.Release|Any CPU.ActiveCfg = Release|Any CPU
		{5DCF34A2-1947-4E9B-91F9-078A39DA8552}.Release|Any CPU.Build.0 = Release|Any CPU
		{CD014C14-08CA-4BBD-8FE8-019E1A703613}.Debug|Any CPU.ActiveCfg = Debug|Any CPU
		{CD014C14-08CA-4BBD-8FE8-019E1A703613}.Debug|Any CPU.Build.0 = Debug|Any CPU
		{CD014C14-08CA-4BBD-8FE8-019E1A703613}.Release|Any CPU.ActiveCfg = Release|Any CPU
		{CD014C14-08CA-4BBD-8FE8-019E1A703613}.Release|Any CPU.Build.0 = Release|Any CPU
	EndGlobalSection
	GlobalSection(SolutionProperties) = preSolution
		HideSolutionNode = FALSE
	EndGlobalSection
	GlobalSection(ExtensibilityGlobals) = postSolution
		SolutionGuid = {AC285E60-086F-4F33-816C-D565BB930546}
	EndGlobalSection
EndGlobal
